
Microsoft Visual Studio Solution File, Format Version 12.00
# Visual Studio Version 17
VisualStudioVersion = 17.1.32414.318
MinimumVisualStudioVersion = 10.0.40219.1
Project("{9A19103F-16F7-4668-BE54-9A1E7A4F7556}") = "WPF.MVVM", "WPF.MVVM\WPF.MVVM.csproj", "{C6B06755-430B-40E5-BD0E-8645E75F4433}"
EndProject
Project("{9A19103F-16F7-4668-BE54-9A1E7A4F7556}") = "Validation.Mediator", "Validation.Mediator\Validation.Mediator.csproj", "{D878EAC5-9041-4BBC-9DE8-6BBD444A9BF9}"
EndProject
Project("{2150E333-8FDC-42A3-9474-1A3956D46DE8}") = "Server", "Server", "{F058DFF8-5480-4844-865F-C88CFE44895A}"
EndProject
Project("{2150E333-8FDC-42A3-9474-1A3956D46DE8}") = "Domain", "Domain", "{8CB09313-DF42-4A1D-B9BC-1A09471F49CF}"
EndProject
Project("{2150E333-8FDC-42A3-9474-1A3956D46DE8}") = "Client", "Client", "{3C4916DB-03E9-45CC-B6FB-D04F4F8AD484}"
EndProject
Project("{9A19103F-16F7-4668-BE54-9A1E7A4F7556}") = "Validation.Client.Proto", "Validation.Client.Proto\Validation.Client.Proto.csproj", "{529B57E9-FB13-482B-B43E-CD9C56901E22}"
EndProject
Project("{9A19103F-16F7-4668-BE54-9A1E7A4F7556}") = "Validation", "ValidationWPF\Validation.csproj", "{D08A4168-7D1E-47DB-8222-ECBA244BFBD0}"
EndProject
Project("{FAE04EC0-301F-11D3-BF4B-00C04F79EFBC}") = "Models", "DomeinModels\Models.csproj", "{E4007ADF-4304-4A0F-9E20-84E35F24F59A}"
EndProject
Project("{FAE04EC0-301F-11D3-BF4B-00C04F79EFBC}") = "NSPValidator", "NSPValidator\NSPValidator.csproj", "{94E27ACF-A919-4483-AAD0-AD8056F0A5F3}"
EndProject
Project("{FAE04EC0-301F-11D3-BF4B-00C04F79EFBC}") = "PhoneNumberValidator", "PhoneNumberValidator\PhoneNumberValidator.csproj", "{DFCF445D-42C3-4377-8518-597A6434A152}"
EndProject
Project("{FAE04EC0-301F-11D3-BF4B-00C04F79EFBC}") = "EmailValidator", "EmailValidator\EmailValidator.csproj", "{EAEC14DF-2FC6-459C-8EB9-1A24BF094E2B}"
EndProject
Project("{FAE04EC0-301F-11D3-BF4B-00C04F79EFBC}") = "BirthDayValidator", "BirthDayValidator\BirthDayValidator.csproj", "{548D501A-A784-4B75-91F1-1FB374811CCF}"
EndProject
Project("{FAE04EC0-301F-11D3-BF4B-00C04F79EFBC}") = "AddressValidator", "AddressValidator\AddressValidator.csproj", "{83F2A8F6-3E64-4EB2-AD4E-E23BD3746553}"
EndProject
Project("{2150E333-8FDC-42A3-9474-1A3956D46DE8}") = "Validators", "Validators", "{427A9EB6-096D-4376-903B-259EB5536C9D}"
EndProject
Project("{2150E333-8FDC-42A3-9474-1A3956D46DE8}") = "RabbitMQ", "RabbitMQ", "{4B915BC0-B9DC-4B6A-993F-B146EBAE432A}"
EndProject
Project("{FAE04EC0-301F-11D3-BF4B-00C04F79EFBC}") = "RabbitMQReceiver", "RabbitMQReceiver\RabbitMQReceiver.csproj", "{8844CC3E-5326-4D73-A3DE-C76C16C355CF}"
EndProject
Project("{FAE04EC0-301F-11D3-BF4B-00C04F79EFBC}") = "RabbitMQSender", "RabbitMQSender\RabbitMQSender.csproj", "{904F2AC7-6934-4477-B6CD-EF426DF0B4C6}"
EndProject
Global
	GlobalSection(SolutionConfigurationPlatforms) = preSolution
		Debug|Any CPU = Debug|Any CPU
		Release|Any CPU = Release|Any CPU
	EndGlobalSection
	GlobalSection(ProjectConfigurationPlatforms) = postSolution
		{C6B06755-430B-40E5-BD0E-8645E75F4433}.Debug|Any CPU.ActiveCfg = Debug|Any CPU
		{C6B06755-430B-40E5-BD0E-8645E75F4433}.Debug|Any CPU.Build.0 = Debug|Any CPU
		{C6B06755-430B-40E5-BD0E-8645E75F4433}.Release|Any CPU.ActiveCfg = Release|Any CPU
		{C6B06755-430B-40E5-BD0E-8645E75F4433}.Release|Any CPU.Build.0 = Release|Any CPU
		{D878EAC5-9041-4BBC-9DE8-6BBD444A9BF9}.Debug|Any CPU.ActiveCfg = Debug|Any CPU
		{D878EAC5-9041-4BBC-9DE8-6BBD444A9BF9}.Debug|Any CPU.Build.0 = Debug|Any CPU
		{D878EAC5-9041-4BBC-9DE8-6BBD444A9BF9}.Release|Any CPU.ActiveCfg = Release|Any CPU
		{D878EAC5-9041-4BBC-9DE8-6BBD444A9BF9}.Release|Any CPU.Build.0 = Release|Any CPU
		{529B57E9-FB13-482B-B43E-CD9C56901E22}.Debug|Any CPU.ActiveCfg = Debug|Any CPU
		{529B57E9-FB13-482B-B43E-CD9C56901E22}.Debug|Any CPU.Build.0 = Debug|Any CPU
		{529B57E9-FB13-482B-B43E-CD9C56901E22}.Release|Any CPU.ActiveCfg = Release|Any CPU
		{529B57E9-FB13-482B-B43E-CD9C56901E22}.Release|Any CPU.Build.0 = Release|Any CPU
		{D08A4168-7D1E-47DB-8222-ECBA244BFBD0}.Debug|Any CPU.ActiveCfg = Debug|Any CPU
		{D08A4168-7D1E-47DB-8222-ECBA244BFBD0}.Debug|Any CPU.Build.0 = Debug|Any CPU
		{D08A4168-7D1E-47DB-8222-ECBA244BFBD0}.Release|Any CPU.ActiveCfg = Release|Any CPU
		{D08A4168-7D1E-47DB-8222-ECBA244BFBD0}.Release|Any CPU.Build.0 = Release|Any CPU
		{E4007ADF-4304-4A0F-9E20-84E35F24F59A}.Debug|Any CPU.ActiveCfg = Debug|Any CPU
		{E4007ADF-4304-4A0F-9E20-84E35F24F59A}.Debug|Any CPU.Build.0 = Debug|Any CPU
		{E4007ADF-4304-4A0F-9E20-84E35F24F59A}.Release|Any CPU.ActiveCfg = Release|Any CPU
		{E4007ADF-4304-4A0F-9E20-84E35F24F59A}.Release|Any CPU.Build.0 = Release|Any CPU
		{94E27ACF-A919-4483-AAD0-AD8056F0A5F3}.Debug|Any CPU.ActiveCfg = Debug|Any CPU
		{94E27ACF-A919-4483-AAD0-AD8056F0A5F3}.Debug|Any CPU.Build.0 = Debug|Any CPU
		{94E27ACF-A919-4483-AAD0-AD8056F0A5F3}.Release|Any CPU.ActiveCfg = Release|Any CPU
		{94E27ACF-A919-4483-AAD0-AD8056F0A5F3}.Release|Any CPU.Build.0 = Release|Any CPU
		{DFCF445D-42C3-4377-8518-597A6434A152}.Debug|Any CPU.ActiveCfg = Debug|Any CPU
		{DFCF445D-42C3-4377-8518-597A6434A152}.Debug|Any CPU.Build.0 = Debug|Any CPU
		{DFCF445D-42C3-4377-8518-597A6434A152}.Release|Any CPU.ActiveCfg = Release|Any CPU
		{DFCF445D-42C3-4377-8518-597A6434A152}.Release|Any CPU.Build.0 = Release|Any CPU
		{EAEC14DF-2FC6-459C-8EB9-1A24BF094E2B}.Debug|Any CPU.ActiveCfg = Debug|Any CPU
		{EAEC14DF-2FC6-459C-8EB9-1A24BF094E2B}.Debug|Any CPU.Build.0 = Debug|Any CPU
		{EAEC14DF-2FC6-459C-8EB9-1A24BF094E2B}.Release|Any CPU.ActiveCfg = Release|Any CPU
		{EAEC14DF-2FC6-459C-8EB9-1A24BF094E2B}.Release|Any CPU.Build.0 = Release|Any CPU
		{548D501A-A784-4B75-91F1-1FB374811CCF}.Debug|Any CPU.ActiveCfg = Debug|Any CPU
		{548D501A-A784-4B75-91F1-1FB374811CCF}.Debug|Any CPU.Build.0 = Debug|Any CPU
		{548D501A-A784-4B75-91F1-1FB374811CCF}.Release|Any CPU.ActiveCfg = Release|Any CPU
		{548D501A-A784-4B75-91F1-1FB374811CCF}.Release|Any CPU.Build.0 = Release|Any CPU
		{83F2A8F6-3E64-4EB2-AD4E-E23BD3746553}.Debug|Any CPU.ActiveCfg = Debug|Any CPU
		{83F2A8F6-3E64-4EB2-AD4E-E23BD3746553}.Debug|Any CPU.Build.0 = Debug|Any CPU
		{83F2A8F6-3E64-4EB2-AD4E-E23BD3746553}.Release|Any CPU.ActiveCfg = Release|Any CPU
		{83F2A8F6-3E64-4EB2-AD4E-E23BD3746553}.Release|Any CPU.Build.0 = Release|Any CPU
		{8844CC3E-5326-4D73-A3DE-C76C16C355CF}.Debug|Any CPU.ActiveCfg = Debug|Any CPU
		{8844CC3E-5326-4D73-A3DE-C76C16C355CF}.Debug|Any CPU.Build.0 = Debug|Any CPU
		{8844CC3E-5326-4D73-A3DE-C76C16C355CF}.Release|Any CPU.ActiveCfg = Release|Any CPU
		{8844CC3E-5326-4D73-A3DE-C76C16C355CF}.Release|Any CPU.Build.0 = Release|Any CPU
		{904F2AC7-6934-4477-B6CD-EF426DF0B4C6}.Debug|Any CPU.ActiveCfg = Debug|Any CPU
		{904F2AC7-6934-4477-B6CD-EF426DF0B4C6}.Debug|Any CPU.Build.0 = Debug|Any CPU
		{904F2AC7-6934-4477-B6CD-EF426DF0B4C6}.Release|Any CPU.ActiveCfg = Release|Any CPU
		{904F2AC7-6934-4477-B6CD-EF426DF0B4C6}.Release|Any CPU.Build.0 = Release|Any CPU
	EndGlobalSection
	GlobalSection(SolutionProperties) = preSolution
		HideSolutionNode = FALSE
	EndGlobalSection
	GlobalSection(NestedProjects) = preSolution
		{C6B06755-430B-40E5-BD0E-8645E75F4433} = {3C4916DB-03E9-45CC-B6FB-D04F4F8AD484}
		{D878EAC5-9041-4BBC-9DE8-6BBD444A9BF9} = {F058DFF8-5480-4844-865F-C88CFE44895A}
		{529B57E9-FB13-482B-B43E-CD9C56901E22} = {3C4916DB-03E9-45CC-B6FB-D04F4F8AD484}
		{D08A4168-7D1E-47DB-8222-ECBA244BFBD0} = {3C4916DB-03E9-45CC-B6FB-D04F4F8AD484}
		{E4007ADF-4304-4A0F-9E20-84E35F24F59A} = {8CB09313-DF42-4A1D-B9BC-1A09471F49CF}
		{427A9EB6-096D-4376-903B-259EB5536C9D} = {F058DFF8-5480-4844-865F-C88CFE44895A}
		{83F2A8F6-3E64-4EB2-AD4E-E23BD3746553} = {427A9EB6-096D-4376-903B-259EB5536C9D}
		{548D501A-A784-4B75-91F1-1FB374811CCF} = {427A9EB6-096D-4376-903B-259EB5536C9D}
		{EAEC14DF-2FC6-459C-8EB9-1A24BF094E2B} = {427A9EB6-096D-4376-903B-259EB5536C9D}
		{94E27ACF-A919-4483-AAD0-AD8056F0A5F3} = {427A9EB6-096D-4376-903B-259EB5536C9D}
		{DFCF445D-42C3-4377-8518-597A6434A152} = {427A9EB6-096D-4376-903B-259EB5536C9D}
		{4B915BC0-B9DC-4B6A-993F-B146EBAE432A} = {F058DFF8-5480-4844-865F-C88CFE44895A}
		{8844CC3E-5326-4D73-A3DE-C76C16C355CF} = {4B915BC0-B9DC-4B6A-993F-B146EBAE432A}
		{904F2AC7-6934-4477-B6CD-EF426DF0B4C6} = {4B915BC0-B9DC-4B6A-993F-B146EBAE432A}
	EndGlobalSection
	GlobalSection(ExtensibilityGlobals) = postSolution
		SolutionGuid = {6344AACA-D07E-4D37-9CA3-D85100ED4BEF}
	EndGlobalSection
EndGlobal
